# THIS IS AN AUTOGENERATED FILE. DO NOT EDIT THIS FILE DIRECTLY.
# yarn lockfile v1


docker-compose@^0.23.19:
  version "0.23.19"
  resolved "https://registry.yarnpkg.com/docker-compose/-/docker-compose-0.23.19.tgz#9947726e2fe67bdfa9e8efe1ff15aa0de2e10eb8"
  integrity sha512-v5vNLIdUqwj4my80wxFDkNH+4S85zsRuH29SO7dCWVWPCMt/ohZBsGN6g6KXWifT0pzQ7uOxqEKCYCDPJ8Vz4g==
  dependencies:
    yaml "^1.10.2"

yaml@^1.10.2:
  version "1.10.2"
  resolved "https://registry.yarnpkg.com/yaml/-/yaml-1.10.2.tgz#2301c5ffbf12b467de8da2333a459e29e7920e4b"
  integrity sha512-r3vXyErRCYJ7wg28yvBY5VSoAF8ZvlcW9/BwUzEtUsjvX/DKs24dIkuwjtuprwJJHsbyUbLApepYTR1BN4uHrg==
